
Microsoft Visual Studio Solution File, Format Version 12.00
# Visual Studio Version 16
VisualStudioVersion = 16.0.32228.343
MinimumVisualStudioVersion = 10.0.40219.1
Project("{2150E333-8FDC-42A3-9474-1A3956D46DE8}") = "Chapter02", "Chapter02", "{717B647A-6806-4D2F-852B-D4FD72BCC539}"
EndProject
Project("{FAE04EC0-301F-11D3-BF4B-00C04F79EFBC}") = "DistanceConverter", "Chapter02\DistanceConverter\DistanceConverter.csproj", "{D8B85E2A-3562-4A80-884B-A57A632D8B11}"
EndProject
Project("{FAE04EC0-301F-11D3-BF4B-00C04F79EFBC}") = "SalesCalculator", "Chapter02\SalesCalculator\SalesCalculator.csproj", "{B6FFE0CC-B5D8-4447-96A9-77255A84EA3B}"
EndProject
Project("{FAE04EC0-301F-11D3-BF4B-00C04F79EFBC}") = "Exercise", "Chapter02\Exercise\Exercise.csproj", "{7C5DF65F-78DA-4AEE-B43F-30A8A5F14BA8}"
EndProject
Project("{FAE04EC0-301F-11D3-BF4B-00C04F79EFBC}") = "Exerise03", "Chapter02\Exerise03\Exerise03.csproj", "{A0613A4F-F4FC-4619-B0B8-349B80B98506}"
EndProject
Project("{FAE04EC0-301F-11D3-BF4B-00C04F79EFBC}") = "Exercise02", "Chapter02\Exercise02\Exercise02.csproj", "{D926DD6A-367E-4631-94DF-CCE83C75C4B3}"
EndProject
Project("{2150E333-8FDC-42A3-9474-1A3956D46DE8}") = "Chapter03", "Chapter03", "{82FA0426-A270-4031-8611-FB9F1C04B4E7}"
EndProject
Project("{FAE04EC0-301F-11D3-BF4B-00C04F79EFBC}") = "Section01", "Chapter03\Section01\Section01.csproj", "{AFC50237-C6FA-498B-BC55-BE04401BB6E3}"
EndProject
Project("{FAE04EC0-301F-11D3-BF4B-00C04F79EFBC}") = "Exercise01", "Chapter03\Exercise01\Exercise01.csproj", "{F30EEC61-F224-40B3-BFA9-BE9B0FF955F4}"
EndProject
Project("{FAE04EC0-301F-11D3-BF4B-00C04F79EFBC}") = "Secction04", "Chapter03\Secction04\Secction04.csproj", "{101A87FC-BE71-4693-9D16-855428CB8054}"
EndProject
Project("{FAE04EC0-301F-11D3-BF4B-00C04F79EFBC}") = "Exercise02", "Chapter03\Exercise02\Exercise02.csproj", "{16B835F2-D279-4A16-B575-7B7D88EFA533}"
EndProject
Project("{2150E333-8FDC-42A3-9474-1A3956D46DE8}") = "Chapter04", "Chapter04", "{CD442484-B3A6-4374-86CA-21CE2D97BF61}"
EndProject
Project("{FAE04EC0-301F-11D3-BF4B-00C04F79EFBC}") = "Exercise01", "Chapter04\Exercise01\Exercise01.csproj", "{BADA4267-0676-45EF-A365-4DF2289810D5}"
EndProject
Project("{FAE04EC0-301F-11D3-BF4B-00C04F79EFBC}") = "Exercise02", "Chapter04\Exercise02\Exercise02.csproj", "{3CA14328-0045-44BA-A0C5-B79844F2628F}"
EndProject
Project("{2150E333-8FDC-42A3-9474-1A3956D46DE8}") = "Chapter05", "Chapter05", "{3A3A10F8-FD62-4E8F-9B19-64BB0B3C60A7}"
EndProject
Project("{FAE04EC0-301F-11D3-BF4B-00C04F79EFBC}") = "Exercise01", "Chapter05\Exercise01\Exercise01.csproj", "{948EFE06-804E-4C87-805C-2501774C5E2D}"
EndProject
Project("{FAE04EC0-301F-11D3-BF4B-00C04F79EFBC}") = "Exercise02", "Chapter05\Exercise02\Exercise02.csproj", "{028F2372-04E5-433D-940B-DBB5C2E4CE3E}"
EndProject
Project("{FAE04EC0-301F-11D3-BF4B-00C04F79EFBC}") = "Exercise03", "Chapter05\Exercise03\Exercise03.csproj", "{2D34D5A0-35CC-4AFD-8D83-B7B85221B697}"
EndProject
Project("{FAE04EC0-301F-11D3-BF4B-00C04F79EFBC}") = "Exercise04", "Chapter05\Exercise04\Exercise04.csproj", "{0FBCF3EA-6D12-4C5F-AE39-205A766DD1D1}"
EndProject
Project("{2150E333-8FDC-42A3-9474-1A3956D46DE8}") = "Chapter06", "Chapter06", "{C7C8E2CA-AAFD-4955-9AE1-D6FE98EBB096}"
EndProject
Project("{FAE04EC0-301F-11D3-BF4B-00C04F79EFBC}") = "Exercise01", "Chapter06\Exercise01\Exercise01.csproj", "{DDA3B19B-4113-4AA9-8E32-89E23784868A}"
EndProject
Project("{FAE04EC0-301F-11D3-BF4B-00C04F79EFBC}") = "Exercise02", "Chapter06\Exercise02\Exercise02.csproj", "{5641ECF9-D240-46FB-8200-5767FC5435B1}"
EndProject
Project("{2150E333-8FDC-42A3-9474-1A3956D46DE8}") = "FormAppSample", "FormAppSample", "{A17FAB18-6C8B-4F59-BB97-B45388B417C0}"
EndProject
Project("{FAE04EC0-301F-11D3-BF4B-00C04F79EFBC}") = "Sample0603", "FromAppSample\Sample0603\Sample0603\Sample0603.csproj", "{978FC2F6-6759-4421-8F2C-66779CFC455D}"
EndProject
Project("{FAE04EC0-301F-11D3-BF4B-00C04F79EFBC}") = "Sample0607", "FromAppSample\Sample0607\Sample0607.csproj", "{FF98AB20-E8F7-400A-ABDF-8929D1B6934D}"
EndProject
Project("{FAE04EC0-301F-11D3-BF4B-00C04F79EFBC}") = "NumberGame", "FromAppSample\NumberGame\NumberGame.csproj", "{C0EE00DC-6977-4C77-8D20-4CCB4D8314DA}"
EndProject
Project("{FAE04EC0-301F-11D3-BF4B-00C04F79EFBC}") = "AddressBook", "FromAppSample\AddresBook\AddressBook.csproj", "{DA68E1E2-6F90-4E1F-A425-3E4188CAA85C}"
EndProject
Project("{2150E333-8FDC-42A3-9474-1A3956D46DE8}") = "Test202206", "Test202206", "{E04376F9-1A4D-4EBB-84BC-B6DC287EA499}"
EndProject
Project("{FAE04EC0-301F-11D3-BF4B-00C04F79EFBC}") = "Test01", "Test202206\TestProject\Test01\Test01.csproj", "{2BFACDC3-F44D-4199-8498-F5C3C4AC0335}"
EndProject
Project("{FAE04EC0-301F-11D3-BF4B-00C04F79EFBC}") = "Test02", "Test202206\TestProject\Test02\Test02.csproj", "{E461C0A8-8900-485C-B520-E929BA33F712}"
EndProject
Project("{2150E333-8FDC-42A3-9474-1A3956D46DE8}") = "Chapter11", "Chapter11", "{E4D80B1D-4227-4FB1-8E8B-67F0AE886A65}"
EndProject
Project("{FAE04EC0-301F-11D3-BF4B-00C04F79EFBC}") = "XmlSample", "Chapter11\XmlSample\XmlSample.csproj", "{CFF09E24-9E03-40E9-9E29-93E5F986FE42}"
EndProject
Project("{FAE04EC0-301F-11D3-BF4B-00C04F79EFBC}") = "RssReader", "Chapter11\RssReader\RssReader.csproj", "{65D27332-602E-4754-B634-9B13AA9B1882}"
EndProject
Project("{FAE04EC0-301F-11D3-BF4B-00C04F79EFBC}") = "Exercise1", "Chapter11\Exercise1\Exercise1.csproj", "{1FDE108E-0DC6-4C6D-9120-C7CA9408C738}"
EndProject
Project("{2150E333-8FDC-42A3-9474-1A3956D46DE8}") = "Chapter12", "Chapter12", "{50E8B2B3-2E78-4162-88C7-9CB3FC58EC90}"
EndProject
Project("{FAE04EC0-301F-11D3-BF4B-00C04F79EFBC}") = "Section01", "Chapter12\Section01\Section01.csproj", "{6FF6CAC3-5EB7-4061-889F-119A09301B68}"
EndProject
Project("{FAE04EC0-301F-11D3-BF4B-00C04F79EFBC}") = "Section02", "Chapter12\Section02\Section02.csproj", "{9D6B98AC-2F0E-4D1A-934A-9F7C2D5810CA}"
EndProject
Project("{FAE04EC0-301F-11D3-BF4B-00C04F79EFBC}") = "Exercise01", "Chapter12\Exercise01\Exercise01.csproj", "{6DCCEAA4-199D-4894-B410-D2377D1DDBA7}"
EndProject
Project("{FAE04EC0-301F-11D3-BF4B-00C04F79EFBC}") = "Exercise02", "Chapter12\Exercise02\Exercise02.csproj", "{10C7C4F5-0261-4F86-A67B-2F0086BF81B4}"
EndProject
Project("{2150E333-8FDC-42A3-9474-1A3956D46DE8}") = "CarReportSystem", "CarReportSystem", "{E2689A26-2E7E-40B6-BE86-645842EADDFE}"
EndProject
Project("{FAE04EC0-301F-11D3-BF4B-00C04F79EFBC}") = "CarReportSystem", "CarReportSystem\CarReportSystem\CarReportSystem.csproj", "{4E57B27B-3780-4E8B-8E4E-104036ADFC50}"
EndProject
Project("{2150E333-8FDC-42A3-9474-1A3956D46DE8}") = "Designpattern", "Designpattern", "{D64249FA-E040-4FC6-B40E-99462F4289BD}"
EndProject
Project("{FAE04EC0-301F-11D3-BF4B-00C04F79EFBC}") = "SingletonSample", "DesignPattern\SingletonSample\SingletonSample.csproj", "{889DB3BC-ECDE-4DBD-A615-D19684922B17}"
EndProject
Project("{2150E333-8FDC-42A3-9474-1A3956D46DE8}") = "Chapter17", "Chapter17", "{9870C65D-9F76-4A22-A65A-D48206FFBB21}"
EndProject
Project("{FAE04EC0-301F-11D3-BF4B-00C04F79EFBC}") = "Section01", "Chapter17\Section01\Section01.csproj", "{C96F57B0-297B-4BBB-9FB5-DFB5766B537E}"
EndProject
Project("{2150E333-8FDC-42A3-9474-1A3956D46DE8}") = "TemplateMethod", "TemplateMethod", "{4C85D242-13AA-4A7E-8F95-0AF19669BAD2}"
EndProject
Project("{FAE04EC0-301F-11D3-BF4B-00C04F79EFBC}") = "TextFileProcessor", "Chapter17\TemplateMethod\TextFileProcessor\TextFileProcessor.csproj", "{E75B8385-6E72-407B-B42D-D8338643846D}"
EndProject
Project("{FAE04EC0-301F-11D3-BF4B-00C04F79EFBC}") = "LineCounter", "Chapter17\TemplateMethod\LineCounter\LineCounter.csproj", "{0753FF00-1218-405F-AEAE-F44E5BC0FB63}"
EndProject
Project("{FAE04EC0-301F-11D3-BF4B-00C04F79EFBC}") = "Exercise1", "Chapter17\Exercise1\Exercise1\Exercise1.csproj", "{2589DA09-D9C3-4F2E-BFC7-8E650E4FFC47}"
EndProject
Project("{2150E333-8FDC-42A3-9474-1A3956D46DE8}") = "Strategy", "Strategy", "{BF67E9CA-A1FB-4008-B882-551F675F192F}"
EndProject
Project("{FAE04EC0-301F-11D3-BF4B-00C04F79EFBC}") = "DistanceConverter", "Chapter17\Strategy\DistanceConverter\DistanceConverter.csproj", "{17D7024A-A846-4C77-A069-C4EF3B7C6952}"
EndProject
Project("{2150E333-8FDC-42A3-9474-1A3956D46DE8}") = "ADONET", "ADONET", "{27F0DEB8-4407-4E1B-899C-CEDAA3A7D906}"
EndProject
Project("{FAE04EC0-301F-11D3-BF4B-00C04F79EFBC}") = "DataBaseSmple", "ADONET\DataBaseSmple\DataBaseSmple.csproj", "{891DC05C-987D-4E7F-899B-A2E13A32D25D}"
EndProject
Project("{FAE04EC0-301F-11D3-BF4B-00C04F79EFBC}") = "AddresBook", "ADONET\AddresBook\AddresBook.csproj", "{11AFDE0E-C343-4FA4-B18B-C734BC6DD2B1}"
EndProject
Project("{2150E333-8FDC-42A3-9474-1A3956D46DE8}") = "Chapter13", "Chapter13", "{2A5EBBC9-695D-4AF9-BFF6-1ED2870AC5BB}"
EndProject
Project("{FAE04EC0-301F-11D3-BF4B-00C04F79EFBC}") = "SampleEntityFramework", "Chapter13\SampleEntityFramework\SampleEntityFramework.csproj", "{F9B6944D-38EF-40CF-8163-1EC4BC681F81}"
EndProject
Project("{2150E333-8FDC-42A3-9474-1A3956D46DE8}") = "Chapter15", "Chapter15", "{8FC78786-7F2E-4B17-9E65-D83EEC8971FC}"
EndProject
Project("{FAE04EC0-301F-11D3-BF4B-00C04F79EFBC}") = "Chapter15", "Chapter15\Chapter15\Chapter15.csproj", "{AA394224-6F35-44DF-A822-D9D663362ABF}"
EndProject
Project("{FAE04EC0-301F-11D3-BF4B-00C04F79EFBC}") = "Exercise1", "Chapter15\Exercise1\Exercise1.csproj", "{990EE177-C47D-43FA-935B-C39E69E442DD}"
EndProject
Project("{2150E333-8FDC-42A3-9474-1A3956D46DE8}") = "WPF", "WPF", "{87DA3BE1-1EAA-4080-BA4A-15EBB5C46D2F}"
EndProject
Project("{FAE04EC0-301F-11D3-BF4B-00C04F79EFBC}") = "ShampleApplication1", "WPF\ShampleApplication1\ShampleApplication1.csproj", "{7381FB89-3078-4C30-BED4-0D1B3018799B}"
EndProject
Project("{FAE04EC0-301F-11D3-BF4B-00C04F79EFBC}") = "NumberGame", "WPF\NumberGame\NumberGame.csproj", "{65EF2892-02FD-42A7-8B96-27C920AB8DCA}"
EndProject
Project("{FAE04EC0-301F-11D3-BF4B-00C04F79EFBC}") = "SampleSlider", "WPF\SampleSlider\SampleSlider.csproj", "{60FCCF3F-2E45-444C-BBE4-DDE36A3B9A67}"
EndProject
Project("{FAE04EC0-301F-11D3-BF4B-00C04F79EFBC}") = "SampleUnitConverter", "WPF\SampleUnitConverter\SampleUnitConverter.csproj", "{6B78C33E-B114-4A93-A847-B7C1466986CF}"
EndProject
Project("{FAE04EC0-301F-11D3-BF4B-00C04F79EFBC}") = "CollarChecker", "WPF\CollarChecker\CollarChecker.csproj", "{630B8926-4E0A-41B4-84B6-66C557038176}"
EndProject
Project("{2150E333-8FDC-42A3-9474-1A3956D46DE8}") = "Chapter14", "Chapter14", "{ED35F131-3129-4047-AC39-FE1FA14CC43F}"
EndProject
Project("{FAE04EC0-301F-11D3-BF4B-00C04F79EFBC}") = "Section01", "Chapter14\Section01\Section01.csproj", "{14A8F189-5FF1-456F-B75F-896795F9BFE3}"
EndProject
Project("{FAE04EC0-301F-11D3-BF4B-00C04F79EFBC}") = "WeatherApp", "Chapter14\WeatherApp\WeatherApp.csproj", "{F2CC0D42-0642-4F97-B0E5-B3F10DA8DF55}"
EndProject
Project("{FAE04EC0-301F-11D3-BF4B-00C04F79EFBC}") = "Prototype", "WPF\Prototype\Prototype.csproj", "{DEF8D617-1660-42F0-BA92-36793E96B4B2}"
EndProject
Global
	GlobalSection(SolutionConfigurationPlatforms) = preSolution
		Debug|Any CPU = Debug|Any CPU
		Release|Any CPU = Release|Any CPU
	EndGlobalSection
	GlobalSection(ProjectConfigurationPlatforms) = postSolution
		{D8B85E2A-3562-4A80-884B-A57A632D8B11}.Debug|Any CPU.ActiveCfg = Debug|Any CPU
		{D8B85E2A-3562-4A80-884B-A57A632D8B11}.Debug|Any CPU.Build.0 = Debug|Any CPU
		{D8B85E2A-3562-4A80-884B-A57A632D8B11}.Release|Any CPU.ActiveCfg = Release|Any CPU
		{D8B85E2A-3562-4A80-884B-A57A632D8B11}.Release|Any CPU.Build.0 = Release|Any CPU
		{B6FFE0CC-B5D8-4447-96A9-77255A84EA3B}.Debug|Any CPU.ActiveCfg = Debug|Any CPU
		{B6FFE0CC-B5D8-4447-96A9-77255A84EA3B}.Debug|Any CPU.Build.0 = Debug|Any CPU
		{B6FFE0CC-B5D8-4447-96A9-77255A84EA3B}.Release|Any CPU.ActiveCfg = Release|Any CPU
		{B6FFE0CC-B5D8-4447-96A9-77255A84EA3B}.Release|Any CPU.Build.0 = Release|Any CPU
		{7C5DF65F-78DA-4AEE-B43F-30A8A5F14BA8}.Debug|Any CPU.ActiveCfg = Debug|Any CPU
		{7C5DF65F-78DA-4AEE-B43F-30A8A5F14BA8}.Debug|Any CPU.Build.0 = Debug|Any CPU
		{7C5DF65F-78DA-4AEE-B43F-30A8A5F14BA8}.Release|Any CPU.ActiveCfg = Release|Any CPU
		{7C5DF65F-78DA-4AEE-B43F-30A8A5F14BA8}.Release|Any CPU.Build.0 = Release|Any CPU
		{A0613A4F-F4FC-4619-B0B8-349B80B98506}.Debug|Any CPU.ActiveCfg = Debug|Any CPU
		{A0613A4F-F4FC-4619-B0B8-349B80B98506}.Debug|Any CPU.Build.0 = Debug|Any CPU
		{A0613A4F-F4FC-4619-B0B8-349B80B98506}.Release|Any CPU.ActiveCfg = Release|Any CPU
		{A0613A4F-F4FC-4619-B0B8-349B80B98506}.Release|Any CPU.Build.0 = Release|Any CPU
		{D926DD6A-367E-4631-94DF-CCE83C75C4B3}.Debug|Any CPU.ActiveCfg = Debug|Any CPU
		{D926DD6A-367E-4631-94DF-CCE83C75C4B3}.Debug|Any CPU.Build.0 = Debug|Any CPU
		{D926DD6A-367E-4631-94DF-CCE83C75C4B3}.Release|Any CPU.ActiveCfg = Release|Any CPU
		{D926DD6A-367E-4631-94DF-CCE83C75C4B3}.Release|Any CPU.Build.0 = Release|Any CPU
		{AFC50237-C6FA-498B-BC55-BE04401BB6E3}.Debug|Any CPU.ActiveCfg = Debug|Any CPU
		{AFC50237-C6FA-498B-BC55-BE04401BB6E3}.Debug|Any CPU.Build.0 = Debug|Any CPU
		{AFC50237-C6FA-498B-BC55-BE04401BB6E3}.Release|Any CPU.ActiveCfg = Release|Any CPU
		{AFC50237-C6FA-498B-BC55-BE04401BB6E3}.Release|Any CPU.Build.0 = Release|Any CPU
		{F30EEC61-F224-40B3-BFA9-BE9B0FF955F4}.Debug|Any CPU.ActiveCfg = Debug|Any CPU
		{F30EEC61-F224-40B3-BFA9-BE9B0FF955F4}.Debug|Any CPU.Build.0 = Debug|Any CPU
		{F30EEC61-F224-40B3-BFA9-BE9B0FF955F4}.Release|Any CPU.ActiveCfg = Release|Any CPU
		{F30EEC61-F224-40B3-BFA9-BE9B0FF955F4}.Release|Any CPU.Build.0 = Release|Any CPU
		{101A87FC-BE71-4693-9D16-855428CB8054}.Debug|Any CPU.ActiveCfg = Debug|Any CPU
		{101A87FC-BE71-4693-9D16-855428CB8054}.Debug|Any CPU.Build.0 = Debug|Any CPU
		{101A87FC-BE71-4693-9D16-855428CB8054}.Release|Any CPU.ActiveCfg = Release|Any CPU
		{101A87FC-BE71-4693-9D16-855428CB8054}.Release|Any CPU.Build.0 = Release|Any CPU
		{16B835F2-D279-4A16-B575-7B7D88EFA533}.Debug|Any CPU.ActiveCfg = Debug|Any CPU
		{16B835F2-D279-4A16-B575-7B7D88EFA533}.Debug|Any CPU.Build.0 = Debug|Any CPU
		{16B835F2-D279-4A16-B575-7B7D88EFA533}.Release|Any CPU.ActiveCfg = Release|Any CPU
		{16B835F2-D279-4A16-B575-7B7D88EFA533}.Release|Any CPU.Build.0 = Release|Any CPU
		{BADA4267-0676-45EF-A365-4DF2289810D5}.Debug|Any CPU.ActiveCfg = Debug|Any CPU
		{BADA4267-0676-45EF-A365-4DF2289810D5}.Debug|Any CPU.Build.0 = Debug|Any CPU
		{BADA4267-0676-45EF-A365-4DF2289810D5}.Release|Any CPU.ActiveCfg = Release|Any CPU
		{BADA4267-0676-45EF-A365-4DF2289810D5}.Release|Any CPU.Build.0 = Release|Any CPU
		{3CA14328-0045-44BA-A0C5-B79844F2628F}.Debug|Any CPU.ActiveCfg = Debug|Any CPU
		{3CA14328-0045-44BA-A0C5-B79844F2628F}.Debug|Any CPU.Build.0 = Debug|Any CPU
		{3CA14328-0045-44BA-A0C5-B79844F2628F}.Release|Any CPU.ActiveCfg = Release|Any CPU
		{3CA14328-0045-44BA-A0C5-B79844F2628F}.Release|Any CPU.Build.0 = Release|Any CPU
		{948EFE06-804E-4C87-805C-2501774C5E2D}.Debug|Any CPU.ActiveCfg = Debug|Any CPU
		{948EFE06-804E-4C87-805C-2501774C5E2D}.Debug|Any CPU.Build.0 = Debug|Any CPU
		{948EFE06-804E-4C87-805C-2501774C5E2D}.Release|Any CPU.ActiveCfg = Release|Any CPU
		{948EFE06-804E-4C87-805C-2501774C5E2D}.Release|Any CPU.Build.0 = Release|Any CPU
		{028F2372-04E5-433D-940B-DBB5C2E4CE3E}.Debug|Any CPU.ActiveCfg = Debug|Any CPU
		{028F2372-04E5-433D-940B-DBB5C2E4CE3E}.Debug|Any CPU.Build.0 = Debug|Any CPU
		{028F2372-04E5-433D-940B-DBB5C2E4CE3E}.Release|Any CPU.ActiveCfg = Release|Any CPU
		{028F2372-04E5-433D-940B-DBB5C2E4CE3E}.Release|Any CPU.Build.0 = Release|Any CPU
		{2D34D5A0-35CC-4AFD-8D83-B7B85221B697}.Debug|Any CPU.ActiveCfg = Debug|Any CPU
		{2D34D5A0-35CC-4AFD-8D83-B7B85221B697}.Debug|Any CPU.Build.0 = Debug|Any CPU
		{2D34D5A0-35CC-4AFD-8D83-B7B85221B697}.Release|Any CPU.ActiveCfg = Release|Any CPU
		{2D34D5A0-35CC-4AFD-8D83-B7B85221B697}.Release|Any CPU.Build.0 = Release|Any CPU
		{0FBCF3EA-6D12-4C5F-AE39-205A766DD1D1}.Debug|Any CPU.ActiveCfg = Debug|Any CPU
		{0FBCF3EA-6D12-4C5F-AE39-205A766DD1D1}.Debug|Any CPU.Build.0 = Debug|Any CPU
		{0FBCF3EA-6D12-4C5F-AE39-205A766DD1D1}.Release|Any CPU.ActiveCfg = Release|Any CPU
		{0FBCF3EA-6D12-4C5F-AE39-205A766DD1D1}.Release|Any CPU.Build.0 = Release|Any CPU
		{DDA3B19B-4113-4AA9-8E32-89E23784868A}.Debug|Any CPU.ActiveCfg = Debug|Any CPU
		{DDA3B19B-4113-4AA9-8E32-89E23784868A}.Debug|Any CPU.Build.0 = Debug|Any CPU
		{DDA3B19B-4113-4AA9-8E32-89E23784868A}.Release|Any CPU.ActiveCfg = Release|Any CPU
		{DDA3B19B-4113-4AA9-8E32-89E23784868A}.Release|Any CPU.Build.0 = Release|Any CPU
		{5641ECF9-D240-46FB-8200-5767FC5435B1}.Debug|Any CPU.ActiveCfg = Debug|Any CPU
		{5641ECF9-D240-46FB-8200-5767FC5435B1}.Debug|Any CPU.Build.0 = Debug|Any CPU
		{5641ECF9-D240-46FB-8200-5767FC5435B1}.Release|Any CPU.ActiveCfg = Release|Any CPU
		{5641ECF9-D240-46FB-8200-5767FC5435B1}.Release|Any CPU.Build.0 = Release|Any CPU
		{978FC2F6-6759-4421-8F2C-66779CFC455D}.Debug|Any CPU.ActiveCfg = Debug|Any CPU
		{978FC2F6-6759-4421-8F2C-66779CFC455D}.Debug|Any CPU.Build.0 = Debug|Any CPU
		{978FC2F6-6759-4421-8F2C-66779CFC455D}.Release|Any CPU.ActiveCfg = Release|Any CPU
		{978FC2F6-6759-4421-8F2C-66779CFC455D}.Release|Any CPU.Build.0 = Release|Any CPU
		{FF98AB20-E8F7-400A-ABDF-8929D1B6934D}.Debug|Any CPU.ActiveCfg = Debug|Any CPU
		{FF98AB20-E8F7-400A-ABDF-8929D1B6934D}.Debug|Any CPU.Build.0 = Debug|Any CPU
		{FF98AB20-E8F7-400A-ABDF-8929D1B6934D}.Release|Any CPU.ActiveCfg = Release|Any CPU
		{FF98AB20-E8F7-400A-ABDF-8929D1B6934D}.Release|Any CPU.Build.0 = Release|Any CPU
		{C0EE00DC-6977-4C77-8D20-4CCB4D8314DA}.Debug|Any CPU.ActiveCfg = Debug|Any CPU
		{C0EE00DC-6977-4C77-8D20-4CCB4D8314DA}.Debug|Any CPU.Build.0 = Debug|Any CPU
		{C0EE00DC-6977-4C77-8D20-4CCB4D8314DA}.Release|Any CPU.ActiveCfg = Release|Any CPU
		{C0EE00DC-6977-4C77-8D20-4CCB4D8314DA}.Release|Any CPU.Build.0 = Release|Any CPU
		{DA68E1E2-6F90-4E1F-A425-3E4188CAA85C}.Debug|Any CPU.ActiveCfg = Debug|Any CPU
		{DA68E1E2-6F90-4E1F-A425-3E4188CAA85C}.Debug|Any CPU.Build.0 = Debug|Any CPU
		{DA68E1E2-6F90-4E1F-A425-3E4188CAA85C}.Release|Any CPU.ActiveCfg = Release|Any CPU
		{DA68E1E2-6F90-4E1F-A425-3E4188CAA85C}.Release|Any CPU.Build.0 = Release|Any CPU
		{2BFACDC3-F44D-4199-8498-F5C3C4AC0335}.Debug|Any CPU.ActiveCfg = Debug|Any CPU
		{2BFACDC3-F44D-4199-8498-F5C3C4AC0335}.Debug|Any CPU.Build.0 = Debug|Any CPU
		{2BFACDC3-F44D-4199-8498-F5C3C4AC0335}.Release|Any CPU.ActiveCfg = Release|Any CPU
		{2BFACDC3-F44D-4199-8498-F5C3C4AC0335}.Release|Any CPU.Build.0 = Release|Any CPU
		{E461C0A8-8900-485C-B520-E929BA33F712}.Debug|Any CPU.ActiveCfg = Debug|Any CPU
		{E461C0A8-8900-485C-B520-E929BA33F712}.Debug|Any CPU.Build.0 = Debug|Any CPU
		{E461C0A8-8900-485C-B520-E929BA33F712}.Release|Any CPU.ActiveCfg = Release|Any CPU
		{E461C0A8-8900-485C-B520-E929BA33F712}.Release|Any CPU.Build.0 = Release|Any CPU
		{CFF09E24-9E03-40E9-9E29-93E5F986FE42}.Debug|Any CPU.ActiveCfg = Debug|Any CPU
		{CFF09E24-9E03-40E9-9E29-93E5F986FE42}.Debug|Any CPU.Build.0 = Debug|Any CPU
		{CFF09E24-9E03-40E9-9E29-93E5F986FE42}.Release|Any CPU.ActiveCfg = Release|Any CPU
		{CFF09E24-9E03-40E9-9E29-93E5F986FE42}.Release|Any CPU.Build.0 = Release|Any CPU
		{65D27332-602E-4754-B634-9B13AA9B1882}.Debug|Any CPU.ActiveCfg = Debug|Any CPU
		{65D27332-602E-4754-B634-9B13AA9B1882}.Debug|Any CPU.Build.0 = Debug|Any CPU
		{65D27332-602E-4754-B634-9B13AA9B1882}.Release|Any CPU.ActiveCfg = Release|Any CPU
		{65D27332-602E-4754-B634-9B13AA9B1882}.Release|Any CPU.Build.0 = Release|Any CPU
		{1FDE108E-0DC6-4C6D-9120-C7CA9408C738}.Debug|Any CPU.ActiveCfg = Debug|Any CPU
		{1FDE108E-0DC6-4C6D-9120-C7CA9408C738}.Debug|Any CPU.Build.0 = Debug|Any CPU
		{1FDE108E-0DC6-4C6D-9120-C7CA9408C738}.Release|Any CPU.ActiveCfg = Release|Any CPU
		{1FDE108E-0DC6-4C6D-9120-C7CA9408C738}.Release|Any CPU.Build.0 = Release|Any CPU
		{6FF6CAC3-5EB7-4061-889F-119A09301B68}.Debug|Any CPU.ActiveCfg = Debug|Any CPU
		{6FF6CAC3-5EB7-4061-889F-119A09301B68}.Debug|Any CPU.Build.0 = Debug|Any CPU
		{6FF6CAC3-5EB7-4061-889F-119A09301B68}.Release|Any CPU.ActiveCfg = Release|Any CPU
		{6FF6CAC3-5EB7-4061-889F-119A09301B68}.Release|Any CPU.Build.0 = Release|Any CPU
		{9D6B98AC-2F0E-4D1A-934A-9F7C2D5810CA}.Debug|Any CPU.ActiveCfg = Debug|Any CPU
		{9D6B98AC-2F0E-4D1A-934A-9F7C2D5810CA}.Debug|Any CPU.Build.0 = Debug|Any CPU
		{9D6B98AC-2F0E-4D1A-934A-9F7C2D5810CA}.Release|Any CPU.ActiveCfg = Release|Any CPU
		{9D6B98AC-2F0E-4D1A-934A-9F7C2D5810CA}.Release|Any CPU.Build.0 = Release|Any CPU
		{6DCCEAA4-199D-4894-B410-D2377D1DDBA7}.Debug|Any CPU.ActiveCfg = Debug|Any CPU
		{6DCCEAA4-199D-4894-B410-D2377D1DDBA7}.Debug|Any CPU.Build.0 = Debug|Any CPU
		{6DCCEAA4-199D-4894-B410-D2377D1DDBA7}.Release|Any CPU.ActiveCfg = Release|Any CPU
		{6DCCEAA4-199D-4894-B410-D2377D1DDBA7}.Release|Any CPU.Build.0 = Release|Any CPU
		{10C7C4F5-0261-4F86-A67B-2F0086BF81B4}.Debug|Any CPU.ActiveCfg = Debug|Any CPU
		{10C7C4F5-0261-4F86-A67B-2F0086BF81B4}.Debug|Any CPU.Build.0 = Debug|Any CPU
		{10C7C4F5-0261-4F86-A67B-2F0086BF81B4}.Release|Any CPU.ActiveCfg = Release|Any CPU
		{10C7C4F5-0261-4F86-A67B-2F0086BF81B4}.Release|Any CPU.Build.0 = Release|Any CPU
		{4E57B27B-3780-4E8B-8E4E-104036ADFC50}.Debug|Any CPU.ActiveCfg = Debug|Any CPU
		{4E57B27B-3780-4E8B-8E4E-104036ADFC50}.Debug|Any CPU.Build.0 = Debug|Any CPU
		{4E57B27B-3780-4E8B-8E4E-104036ADFC50}.Release|Any CPU.ActiveCfg = Release|Any CPU
		{4E57B27B-3780-4E8B-8E4E-104036ADFC50}.Release|Any CPU.Build.0 = Release|Any CPU
		{889DB3BC-ECDE-4DBD-A615-D19684922B17}.Debug|Any CPU.ActiveCfg = Debug|Any CPU
		{889DB3BC-ECDE-4DBD-A615-D19684922B17}.Debug|Any CPU.Build.0 = Debug|Any CPU
		{889DB3BC-ECDE-4DBD-A615-D19684922B17}.Release|Any CPU.ActiveCfg = Release|Any CPU
		{889DB3BC-ECDE-4DBD-A615-D19684922B17}.Release|Any CPU.Build.0 = Release|Any CPU
		{C96F57B0-297B-4BBB-9FB5-DFB5766B537E}.Debug|Any CPU.ActiveCfg = Debug|Any CPU
		{C96F57B0-297B-4BBB-9FB5-DFB5766B537E}.Debug|Any CPU.Build.0 = Debug|Any CPU
		{C96F57B0-297B-4BBB-9FB5-DFB5766B537E}.Release|Any CPU.ActiveCfg = Release|Any CPU
		{C96F57B0-297B-4BBB-9FB5-DFB5766B537E}.Release|Any CPU.Build.0 = Release|Any CPU
		{E75B8385-6E72-407B-B42D-D8338643846D}.Debug|Any CPU.ActiveCfg = Debug|Any CPU
		{E75B8385-6E72-407B-B42D-D8338643846D}.Debug|Any CPU.Build.0 = Debug|Any CPU
		{E75B8385-6E72-407B-B42D-D8338643846D}.Release|Any CPU.ActiveCfg = Release|Any CPU
		{E75B8385-6E72-407B-B42D-D8338643846D}.Release|Any CPU.Build.0 = Release|Any CPU
		{0753FF00-1218-405F-AEAE-F44E5BC0FB63}.Debug|Any CPU.ActiveCfg = Debug|Any CPU
		{0753FF00-1218-405F-AEAE-F44E5BC0FB63}.Debug|Any CPU.Build.0 = Debug|Any CPU
		{0753FF00-1218-405F-AEAE-F44E5BC0FB63}.Release|Any CPU.ActiveCfg = Release|Any CPU
		{0753FF00-1218-405F-AEAE-F44E5BC0FB63}.Release|Any CPU.Build.0 = Release|Any CPU
		{2589DA09-D9C3-4F2E-BFC7-8E650E4FFC47}.Debug|Any CPU.ActiveCfg = Debug|Any CPU
		{2589DA09-D9C3-4F2E-BFC7-8E650E4FFC47}.Debug|Any CPU.Build.0 = Debug|Any CPU
		{2589DA09-D9C3-4F2E-BFC7-8E650E4FFC47}.Release|Any CPU.ActiveCfg = Release|Any CPU
		{2589DA09-D9C3-4F2E-BFC7-8E650E4FFC47}.Release|Any CPU.Build.0 = Release|Any CPU
		{17D7024A-A846-4C77-A069-C4EF3B7C6952}.Debug|Any CPU.ActiveCfg = Debug|Any CPU
		{17D7024A-A846-4C77-A069-C4EF3B7C6952}.Debug|Any CPU.Build.0 = Debug|Any CPU
		{17D7024A-A846-4C77-A069-C4EF3B7C6952}.Release|Any CPU.ActiveCfg = Release|Any CPU
		{17D7024A-A846-4C77-A069-C4EF3B7C6952}.Release|Any CPU.Build.0 = Release|Any CPU
		{891DC05C-987D-4E7F-899B-A2E13A32D25D}.Debug|Any CPU.ActiveCfg = Debug|Any CPU
		{891DC05C-987D-4E7F-899B-A2E13A32D25D}.Debug|Any CPU.Build.0 = Debug|Any CPU
		{891DC05C-987D-4E7F-899B-A2E13A32D25D}.Release|Any CPU.ActiveCfg = Release|Any CPU
		{891DC05C-987D-4E7F-899B-A2E13A32D25D}.Release|Any CPU.Build.0 = Release|Any CPU
		{11AFDE0E-C343-4FA4-B18B-C734BC6DD2B1}.Debug|Any CPU.ActiveCfg = Debug|Any CPU
		{11AFDE0E-C343-4FA4-B18B-C734BC6DD2B1}.Debug|Any CPU.Build.0 = Debug|Any CPU
		{11AFDE0E-C343-4FA4-B18B-C734BC6DD2B1}.Release|Any CPU.ActiveCfg = Release|Any CPU
		{11AFDE0E-C343-4FA4-B18B-C734BC6DD2B1}.Release|Any CPU.Build.0 = Release|Any CPU
		{F9B6944D-38EF-40CF-8163-1EC4BC681F81}.Debug|Any CPU.ActiveCfg = Debug|Any CPU
		{F9B6944D-38EF-40CF-8163-1EC4BC681F81}.Debug|Any CPU.Build.0 = Debug|Any CPU
		{F9B6944D-38EF-40CF-8163-1EC4BC681F81}.Release|Any CPU.ActiveCfg = Release|Any CPU
		{F9B6944D-38EF-40CF-8163-1EC4BC681F81}.Release|Any CPU.Build.0 = Release|Any CPU
		{AA394224-6F35-44DF-A822-D9D663362ABF}.Debug|Any CPU.ActiveCfg = Debug|Any CPU
		{AA394224-6F35-44DF-A822-D9D663362ABF}.Debug|Any CPU.Build.0 = Debug|Any CPU
		{AA394224-6F35-44DF-A822-D9D663362ABF}.Release|Any CPU.ActiveCfg = Release|Any CPU
		{AA394224-6F35-44DF-A822-D9D663362ABF}.Release|Any CPU.Build.0 = Release|Any CPU
		{990EE177-C47D-43FA-935B-C39E69E442DD}.Debug|Any CPU.ActiveCfg = Debug|Any CPU
		{990EE177-C47D-43FA-935B-C39E69E442DD}.Debug|Any CPU.Build.0 = Debug|Any CPU
		{990EE177-C47D-43FA-935B-C39E69E442DD}.Release|Any CPU.ActiveCfg = Release|Any CPU
		{990EE177-C47D-43FA-935B-C39E69E442DD}.Release|Any CPU.Build.0 = Release|Any CPU
		{7381FB89-3078-4C30-BED4-0D1B3018799B}.Debug|Any CPU.ActiveCfg = Debug|Any CPU
		{7381FB89-3078-4C30-BED4-0D1B3018799B}.Debug|Any CPU.Build.0 = Debug|Any CPU
		{7381FB89-3078-4C30-BED4-0D1B3018799B}.Release|Any CPU.ActiveCfg = Release|Any CPU
		{7381FB89-3078-4C30-BED4-0D1B3018799B}.Release|Any CPU.Build.0 = Release|Any CPU
		{65EF2892-02FD-42A7-8B96-27C920AB8DCA}.Debug|Any CPU.ActiveCfg = Debug|Any CPU
		{65EF2892-02FD-42A7-8B96-27C920AB8DCA}.Debug|Any CPU.Build.0 = Debug|Any CPU
		{65EF2892-02FD-42A7-8B96-27C920AB8DCA}.Release|Any CPU.ActiveCfg = Release|Any CPU
		{65EF2892-02FD-42A7-8B96-27C920AB8DCA}.Release|Any CPU.Build.0 = Release|Any CPU
		{60FCCF3F-2E45-444C-BBE4-DDE36A3B9A67}.Debug|Any CPU.ActiveCfg = Debug|Any CPU
		{60FCCF3F-2E45-444C-BBE4-DDE36A3B9A67}.Debug|Any CPU.Build.0 = Debug|Any CPU
		{60FCCF3F-2E45-444C-BBE4-DDE36A3B9A67}.Release|Any CPU.ActiveCfg = Release|Any CPU
		{60FCCF3F-2E45-444C-BBE4-DDE36A3B9A67}.Release|Any CPU.Build.0 = Release|Any CPU
		{6B78C33E-B114-4A93-A847-B7C1466986CF}.Debug|Any CPU.ActiveCfg = Debug|Any CPU
		{6B78C33E-B114-4A93-A847-B7C1466986CF}.Debug|Any CPU.Build.0 = Debug|Any CPU
		{6B78C33E-B114-4A93-A847-B7C1466986CF}.Release|Any CPU.ActiveCfg = Release|Any CPU
		{6B78C33E-B114-4A93-A847-B7C1466986CF}.Release|Any CPU.Build.0 = Release|Any CPU
		{630B8926-4E0A-41B4-84B6-66C557038176}.Debug|Any CPU.ActiveCfg = Debug|Any CPU
		{630B8926-4E0A-41B4-84B6-66C557038176}.Debug|Any CPU.Build.0 = Debug|Any CPU
		{630B8926-4E0A-41B4-84B6-66C557038176}.Release|Any CPU.ActiveCfg = Release|Any CPU
		{630B8926-4E0A-41B4-84B6-66C557038176}.Release|Any CPU.Build.0 = Release|Any CPU
		{14A8F189-5FF1-456F-B75F-896795F9BFE3}.Debug|Any CPU.ActiveCfg = Debug|Any CPU
		{14A8F189-5FF1-456F-B75F-896795F9BFE3}.Debug|Any CPU.Build.0 = Debug|Any CPU
		{14A8F189-5FF1-456F-B75F-896795F9BFE3}.Release|Any CPU.ActiveCfg = Release|Any CPU
		{14A8F189-5FF1-456F-B75F-896795F9BFE3}.Release|Any CPU.Build.0 = Release|Any CPU
		{F2CC0D42-0642-4F97-B0E5-B3F10DA8DF55}.Debug|Any CPU.ActiveCfg = Debug|Any CPU
		{F2CC0D42-0642-4F97-B0E5-B3F10DA8DF55}.Debug|Any CPU.Build.0 = Debug|Any CPU
		{F2CC0D42-0642-4F97-B0E5-B3F10DA8DF55}.Release|Any CPU.ActiveCfg = Release|Any CPU
		{F2CC0D42-0642-4F97-B0E5-B3F10DA8DF55}.Release|Any CPU.Build.0 = Release|Any CPU
		{DEF8D617-1660-42F0-BA92-36793E96B4B2}.Debug|Any CPU.ActiveCfg = Debug|Any CPU
		{DEF8D617-1660-42F0-BA92-36793E96B4B2}.Debug|Any CPU.Build.0 = Debug|Any CPU
		{DEF8D617-1660-42F0-BA92-36793E96B4B2}.Release|Any CPU.ActiveCfg = Release|Any CPU
		{DEF8D617-1660-42F0-BA92-36793E96B4B2}.Release|Any CPU.Build.0 = Release|Any CPU
	EndGlobalSection
	GlobalSection(SolutionProperties) = preSolution
		HideSolutionNode = FALSE
	EndGlobalSection
	GlobalSection(NestedProjects) = preSolution
		{D8B85E2A-3562-4A80-884B-A57A632D8B11} = {717B647A-6806-4D2F-852B-D4FD72BCC539}
		{B6FFE0CC-B5D8-4447-96A9-77255A84EA3B} = {717B647A-6806-4D2F-852B-D4FD72BCC539}
		{7C5DF65F-78DA-4AEE-B43F-30A8A5F14BA8} = {717B647A-6806-4D2F-852B-D4FD72BCC539}
		{A0613A4F-F4FC-4619-B0B8-349B80B98506} = {717B647A-6806-4D2F-852B-D4FD72BCC539}
		{D926DD6A-367E-4631-94DF-CCE83C75C4B3} = {717B647A-6806-4D2F-852B-D4FD72BCC539}
		{AFC50237-C6FA-498B-BC55-BE04401BB6E3} = {82FA0426-A270-4031-8611-FB9F1C04B4E7}
		{F30EEC61-F224-40B3-BFA9-BE9B0FF955F4} = {82FA0426-A270-4031-8611-FB9F1C04B4E7}
		{101A87FC-BE71-4693-9D16-855428CB8054} = {82FA0426-A270-4031-8611-FB9F1C04B4E7}
		{16B835F2-D279-4A16-B575-7B7D88EFA533} = {82FA0426-A270-4031-8611-FB9F1C04B4E7}
		{BADA4267-0676-45EF-A365-4DF2289810D5} = {CD442484-B3A6-4374-86CA-21CE2D97BF61}
		{3CA14328-0045-44BA-A0C5-B79844F2628F} = {CD442484-B3A6-4374-86CA-21CE2D97BF61}
		{948EFE06-804E-4C87-805C-2501774C5E2D} = {3A3A10F8-FD62-4E8F-9B19-64BB0B3C60A7}
		{028F2372-04E5-433D-940B-DBB5C2E4CE3E} = {3A3A10F8-FD62-4E8F-9B19-64BB0B3C60A7}
		{2D34D5A0-35CC-4AFD-8D83-B7B85221B697} = {3A3A10F8-FD62-4E8F-9B19-64BB0B3C60A7}
		{0FBCF3EA-6D12-4C5F-AE39-205A766DD1D1} = {3A3A10F8-FD62-4E8F-9B19-64BB0B3C60A7}
		{DDA3B19B-4113-4AA9-8E32-89E23784868A} = {C7C8E2CA-AAFD-4955-9AE1-D6FE98EBB096}
		{5641ECF9-D240-46FB-8200-5767FC5435B1} = {C7C8E2CA-AAFD-4955-9AE1-D6FE98EBB096}
		{978FC2F6-6759-4421-8F2C-66779CFC455D} = {A17FAB18-6C8B-4F59-BB97-B45388B417C0}
		{FF98AB20-E8F7-400A-ABDF-8929D1B6934D} = {A17FAB18-6C8B-4F59-BB97-B45388B417C0}
		{C0EE00DC-6977-4C77-8D20-4CCB4D8314DA} = {A17FAB18-6C8B-4F59-BB97-B45388B417C0}
		{DA68E1E2-6F90-4E1F-A425-3E4188CAA85C} = {A17FAB18-6C8B-4F59-BB97-B45388B417C0}
		{2BFACDC3-F44D-4199-8498-F5C3C4AC0335} = {E04376F9-1A4D-4EBB-84BC-B6DC287EA499}
		{E461C0A8-8900-485C-B520-E929BA33F712} = {E04376F9-1A4D-4EBB-84BC-B6DC287EA499}
		{CFF09E24-9E03-40E9-9E29-93E5F986FE42} = {E4D80B1D-4227-4FB1-8E8B-67F0AE886A65}
		{65D27332-602E-4754-B634-9B13AA9B1882} = {E4D80B1D-4227-4FB1-8E8B-67F0AE886A65}
		{1FDE108E-0DC6-4C6D-9120-C7CA9408C738} = {E4D80B1D-4227-4FB1-8E8B-67F0AE886A65}
		{6FF6CAC3-5EB7-4061-889F-119A09301B68} = {50E8B2B3-2E78-4162-88C7-9CB3FC58EC90}
		{9D6B98AC-2F0E-4D1A-934A-9F7C2D5810CA} = {50E8B2B3-2E78-4162-88C7-9CB3FC58EC90}
		{6DCCEAA4-199D-4894-B410-D2377D1DDBA7} = {50E8B2B3-2E78-4162-88C7-9CB3FC58EC90}
		{10C7C4F5-0261-4F86-A67B-2F0086BF81B4} = {50E8B2B3-2E78-4162-88C7-9CB3FC58EC90}
		{4E57B27B-3780-4E8B-8E4E-104036ADFC50} = {E2689A26-2E7E-40B6-BE86-645842EADDFE}
		{889DB3BC-ECDE-4DBD-A615-D19684922B17} = {D64249FA-E040-4FC6-B40E-99462F4289BD}
		{C96F57B0-297B-4BBB-9FB5-DFB5766B537E} = {9870C65D-9F76-4A22-A65A-D48206FFBB21}
		{4C85D242-13AA-4A7E-8F95-0AF19669BAD2} = {9870C65D-9F76-4A22-A65A-D48206FFBB21}
		{E75B8385-6E72-407B-B42D-D8338643846D} = {4C85D242-13AA-4A7E-8F95-0AF19669BAD2}
		{0753FF00-1218-405F-AEAE-F44E5BC0FB63} = {4C85D242-13AA-4A7E-8F95-0AF19669BAD2}
		{2589DA09-D9C3-4F2E-BFC7-8E650E4FFC47} = {9870C65D-9F76-4A22-A65A-D48206FFBB21}
		{BF67E9CA-A1FB-4008-B882-551F675F192F} = {9870C65D-9F76-4A22-A65A-D48206FFBB21}
		{17D7024A-A846-4C77-A069-C4EF3B7C6952} = {BF67E9CA-A1FB-4008-B882-551F675F192F}
		{891DC05C-987D-4E7F-899B-A2E13A32D25D} = {27F0DEB8-4407-4E1B-899C-CEDAA3A7D906}
		{11AFDE0E-C343-4FA4-B18B-C734BC6DD2B1} = {27F0DEB8-4407-4E1B-899C-CEDAA3A7D906}
		{F9B6944D-38EF-40CF-8163-1EC4BC681F81} = {2A5EBBC9-695D-4AF9-BFF6-1ED2870AC5BB}
		{AA394224-6F35-44DF-A822-D9D663362ABF} = {8FC78786-7F2E-4B17-9E65-D83EEC8971FC}
		{990EE177-C47D-43FA-935B-C39E69E442DD} = {8FC78786-7F2E-4B17-9E65-D83EEC8971FC}
		{7381FB89-3078-4C30-BED4-0D1B3018799B} = {87DA3BE1-1EAA-4080-BA4A-15EBB5C46D2F}
		{65EF2892-02FD-42A7-8B96-27C920AB8DCA} = {87DA3BE1-1EAA-4080-BA4A-15EBB5C46D2F}
		{60FCCF3F-2E45-444C-BBE4-DDE36A3B9A67} = {87DA3BE1-1EAA-4080-BA4A-15EBB5C46D2F}
		{6B78C33E-B114-4A93-A847-B7C1466986CF} = {87DA3BE1-1EAA-4080-BA4A-15EBB5C46D2F}
		{630B8926-4E0A-41B4-84B6-66C557038176} = {87DA3BE1-1EAA-4080-BA4A-15EBB5C46D2F}
		{14A8F189-5FF1-456F-B75F-896795F9BFE3} = {ED35F131-3129-4047-AC39-FE1FA14CC43F}
		{F2CC0D42-0642-4F97-B0E5-B3F10DA8DF55} = {ED35F131-3129-4047-AC39-FE1FA14CC43F}
		{DEF8D617-1660-42F0-BA92-36793E96B4B2} = {87DA3BE1-1EAA-4080-BA4A-15EBB5C46D2F}
	EndGlobalSection
	GlobalSection(ExtensibilityGlobals) = postSolution
		SolutionGuid = {20361468-B655-4B56-AD33-21AA1F19B946}
	EndGlobalSection
EndGlobal
